
Microsoft Visual Studio Solution File, Format Version 12.00
# Visual Studio Version 17
VisualStudioVersion = 17.1.32210.238
MinimumVisualStudioVersion = 10.0.40219.1
Project("{FAE04EC0-301F-11D3-BF4B-00C04F79EFBC}") = "TetrisGameVIDO", "TetrisGameVIDO\TetrisGameVIDO.csproj", "{EE513A96-A442-4E2B-A47A-D4D519CEF0B9}"
EndProject
Global
	GlobalSection(SolutionConfigurationPlatforms) = preSolution
		Debug|Any CPU = Debug|Any CPU
		Release|Any CPU = Release|Any CPU
	EndGlobalSection
	GlobalSection(ProjectConfigurationPlatforms) = postSolution
		{EE513A96-A442-4E2B-A47A-D4D519CEF0B9}.Debug|Any CPU.ActiveCfg = Debug|Any CPU
		{EE513A96-A442-4E2B-A47A-D4D519CEF0B9}.Debug|Any CPU.Build.0 = Debug|Any CPU
		{EE513A96-A442-4E2B-A47A-D4D519CEF0B9}.Release|Any CPU.ActiveCfg = Release|Any CPU
		{EE513A96-A442-4E2B-A47A-D4D519CEF0B9}.Release|Any CPU.Build.0 = Release|Any CPU
	EndGlobalSection
	GlobalSection(SolutionProperties) = preSolution
		HideSolutionNode = FALSE
	EndGlobalSection
	GlobalSection(ExtensibilityGlobals) = postSolution
		SolutionGuid = {8C07C5DE-825E-497E-9451-ED0C88D3F9E6}
	EndGlobalSection
EndGlobal
